
Microsoft Visual Studio Solution File, Format Version 11.00
# Visual Studio 2010
Project("{FAE04EC0-301F-11D3-BF4B-00C04F79EFBC}") = "TestDrivenLife.Tests", "TestDrivenLife.Tests\TestDrivenLife.Tests.csproj", "{36A75C36-F01F-4387-810A-E0E52510C4E6}"
EndProject
Project("{FAE04EC0-301F-11D3-BF4B-00C04F79EFBC}") = "TestDrivenLife", "TestDrivenLife\TestDrivenLife.csproj", "{E9FF5F9F-F8CA-4737-9FB0-C7E5E7ACF88C}"
EndProject
Project("{FAE04EC0-301F-11D3-BF4B-00C04F79EFBC}") = "TestDrivenLife.UI", "TestDrivenLife.UI\TestDrivenLife.UI.csproj", "{2191D946-9961-4AD5-AC0C-44E60440CA53}"
EndProject
Project("{54435603-DBB4-11D2-8724-00A0C9A8B90C}") = "TestDrivenLife.Setup", "TestDrivenLife.Setup\TestDrivenLife.Setup.vdproj", "{3DCAF0B7-8DE7-448A-9C36-55B9AE280EFE}"
EndProject
Global
	GlobalSection(SubversionScc) = preSolution
		Svn-Managed = True
		Manager = AnkhSVN - Subversion Support for Visual Studio
	EndGlobalSection
	GlobalSection(SolutionConfigurationPlatforms) = preSolution
		Debug|Any CPU = Debug|Any CPU
		Debug|Mixed Platforms = Debug|Mixed Platforms
		Debug|x86 = Debug|x86
		Release|Any CPU = Release|Any CPU
		Release|Mixed Platforms = Release|Mixed Platforms
		Release|x86 = Release|x86
	EndGlobalSection
	GlobalSection(ProjectConfigurationPlatforms) = postSolution
		{36A75C36-F01F-4387-810A-E0E52510C4E6}.Debug|Any CPU.ActiveCfg = Debug|Any CPU
		{36A75C36-F01F-4387-810A-E0E52510C4E6}.Debug|Any CPU.Build.0 = Debug|Any CPU
		{36A75C36-F01F-4387-810A-E0E52510C4E6}.Debug|Mixed Platforms.ActiveCfg = Debug|Any CPU
		{36A75C36-F01F-4387-810A-E0E52510C4E6}.Debug|Mixed Platforms.Build.0 = Debug|Any CPU
		{36A75C36-F01F-4387-810A-E0E52510C4E6}.Debug|x86.ActiveCfg = Debug|Any CPU
		{36A75C36-F01F-4387-810A-E0E52510C4E6}.Release|Any CPU.ActiveCfg = Release|Any CPU
		{36A75C36-F01F-4387-810A-E0E52510C4E6}.Release|Any CPU.Build.0 = Release|Any CPU
		{36A75C36-F01F-4387-810A-E0E52510C4E6}.Release|Mixed Platforms.ActiveCfg = Release|Any CPU
		{36A75C36-F01F-4387-810A-E0E52510C4E6}.Release|Mixed Platforms.Build.0 = Release|Any CPU
		{36A75C36-F01F-4387-810A-E0E52510C4E6}.Release|x86.ActiveCfg = Release|Any CPU
		{E9FF5F9F-F8CA-4737-9FB0-C7E5E7ACF88C}.Debug|Any CPU.ActiveCfg = Debug|Any CPU
		{E9FF5F9F-F8CA-4737-9FB0-C7E5E7ACF88C}.Debug|Any CPU.Build.0 = Debug|Any CPU
		{E9FF5F9F-F8CA-4737-9FB0-C7E5E7ACF88C}.Debug|Mixed Platforms.ActiveCfg = Debug|Any CPU
		{E9FF5F9F-F8CA-4737-9FB0-C7E5E7ACF88C}.Debug|Mixed Platforms.Build.0 = Debug|Any CPU
		{E9FF5F9F-F8CA-4737-9FB0-C7E5E7ACF88C}.Debug|x86.ActiveCfg = Debug|Any CPU
		{E9FF5F9F-F8CA-4737-9FB0-C7E5E7ACF88C}.Release|Any CPU.ActiveCfg = Release|Any CPU
		{E9FF5F9F-F8CA-4737-9FB0-C7E5E7ACF88C}.Release|Any CPU.Build.0 = Release|Any CPU
		{E9FF5F9F-F8CA-4737-9FB0-C7E5E7ACF88C}.Release|Mixed Platforms.ActiveCfg = Release|Any CPU
		{E9FF5F9F-F8CA-4737-9FB0-C7E5E7ACF88C}.Release|Mixed Platforms.Build.0 = Release|Any CPU
		{E9FF5F9F-F8CA-4737-9FB0-C7E5E7ACF88C}.Release|x86.ActiveCfg = Release|Any CPU
		{2191D946-9961-4AD5-AC0C-44E60440CA53}.Debug|Any CPU.ActiveCfg = Debug|x86
		{2191D946-9961-4AD5-AC0C-44E60440CA53}.Debug|Mixed Platforms.ActiveCfg = Debug|x86
		{2191D946-9961-4AD5-AC0C-44E60440CA53}.Debug|Mixed Platforms.Build.0 = Debug|x86
		{2191D946-9961-4AD5-AC0C-44E60440CA53}.Debug|x86.ActiveCfg = Debug|x86
		{2191D946-9961-4AD5-AC0C-44E60440CA53}.Debug|x86.Build.0 = Debug|x86
		{2191D946-9961-4AD5-AC0C-44E60440CA53}.Release|Any CPU.ActiveCfg = Release|x86
		{2191D946-9961-4AD5-AC0C-44E60440CA53}.Release|Mixed Platforms.ActiveCfg = Release|x86
		{2191D946-9961-4AD5-AC0C-44E60440CA53}.Release|Mixed Platforms.Build.0 = Release|x86
		{2191D946-9961-4AD5-AC0C-44E60440CA53}.Release|x86.ActiveCfg = Release|x86
		{2191D946-9961-4AD5-AC0C-44E60440CA53}.Release|x86.Build.0 = Release|x86
		{3DCAF0B7-8DE7-448A-9C36-55B9AE280EFE}.Debug|Any CPU.ActiveCfg = Debug
		{3DCAF0B7-8DE7-448A-9C36-55B9AE280EFE}.Debug|Mixed Platforms.ActiveCfg = Debug
		{3DCAF0B7-8DE7-448A-9C36-55B9AE280EFE}.Debug|x86.ActiveCfg = Debug
		{3DCAF0B7-8DE7-448A-9C36-55B9AE280EFE}.Release|Any CPU.ActiveCfg = Release
		{3DCAF0B7-8DE7-448A-9C36-55B9AE280EFE}.Release|Mixed Platforms.ActiveCfg = Release
		{3DCAF0B7-8DE7-448A-9C36-55B9AE280EFE}.Release|x86.ActiveCfg = Release
	EndGlobalSection
	GlobalSection(SolutionProperties) = preSolution
		HideSolutionNode = FALSE
	EndGlobalSection
EndGlobal
